
Microsoft Visual Studio Solution File, Format Version 12.00
# Visual Studio Version 17
VisualStudioVersion = 17.0.31903.59
MinimumVisualStudioVersion = 10.0.40219.1
Project("{2150E333-8FDC-42A3-9474-1A3956D46DE8}") = "src", "src", "{827E0CD3-B72D-47B6-A68D-7590B98EB39B}"
EndProject
Project("{FAE04EC0-301F-11D3-BF4B-00C04F79EFBC}") = "Architect.Agents", "src\Architect.Agents\Architect.Agents.csproj", "{AFAE6762-E72C-4B1D-842A-62A8A168579E}"
EndProject
Project("{FAE04EC0-301F-11D3-BF4B-00C04F79EFBC}") = "Architect.Application", "src\Architect.Application\Architect.Application.csproj", "{9523A546-760B-4C5D-A0D9-06BD9353A458}"
EndProject
Project("{FAE04EC0-301F-11D3-BF4B-00C04F79EFBC}") = "Architect.Contracts", "src\Architect.Contracts\Architect.Contracts.csproj", "{F5C255AA-09C5-4A6E-B8BC-344D9CCF4B7F}"
EndProject
Project("{FAE04EC0-301F-11D3-BF4B-00C04F79EFBC}") = "Architect.Core", "src\Architect.Core\Architect.Core.csproj", "{1B3F9D71-7CCC-477D-99CD-7484E4E6E2B7}"
EndProject
Project("{FAE04EC0-301F-11D3-BF4B-00C04F79EFBC}") = "Architect.GrpcService", "src\Architect.GrpcService\Architect.GrpcService.csproj", "{FEF284EC-1EB5-4C2F-B053-84D06A858CB6}"
EndProject
Project("{FAE04EC0-301F-11D3-BF4B-00C04F79EFBC}") = "Architect.Infrastructure", "src\Architect.Infrastructure\Architect.Infrastructure.csproj", "{5CAA5C97-90F0-47F4-9C08-BC9761FEDCE7}"
EndProject
Project("{FAE04EC0-301F-11D3-BF4B-00C04F79EFBC}") = "Architect.RoslynParser", "src\Architect.RoslynParser\Architect.RoslynParser.csproj", "{C13D2700-CEC7-42D4-B382-F72C3DBFC650}"
EndProject
Project("{FAE04EC0-301F-11D3-BF4B-00C04F79EFBC}") = "Architect.RoslynParser.Tests", "tests\Architect.RoslynParser.Tests\Architect.RoslynParser.Tests.csproj", "{ED055A92-EC44-4BB9-AC8A-3E62E91FB894}"
EndProject
Global
	GlobalSection(SolutionConfigurationPlatforms) = preSolution
		Debug|Any CPU = Debug|Any CPU
		Debug|x64 = Debug|x64
		Debug|x86 = Debug|x86
		Release|Any CPU = Release|Any CPU
		Release|x64 = Release|x64
		Release|x86 = Release|x86
	EndGlobalSection
	GlobalSection(ProjectConfigurationPlatforms) = postSolution
		{AFAE6762-E72C-4B1D-842A-62A8A168579E}.Debug|Any CPU.ActiveCfg = Debug|Any CPU
		{AFAE6762-E72C-4B1D-842A-62A8A168579E}.Debug|Any CPU.Build.0 = Debug|Any CPU
		{AFAE6762-E72C-4B1D-842A-62A8A168579E}.Debug|x64.ActiveCfg = Debug|Any CPU
		{AFAE6762-E72C-4B1D-842A-62A8A168579E}.Debug|x64.Build.0 = Debug|Any CPU
		{AFAE6762-E72C-4B1D-842A-62A8A168579E}.Debug|x86.ActiveCfg = Debug|Any CPU
		{AFAE6762-E72C-4B1D-842A-62A8A168579E}.Debug|x86.Build.0 = Debug|Any CPU
		{AFAE6762-E72C-4B1D-842A-62A8A168579E}.Release|Any CPU.ActiveCfg = Release|Any CPU
		{AFAE6762-E72C-4B1D-842A-62A8A168579E}.Release|Any CPU.Build.0 = Release|Any CPU
		{AFAE6762-E72C-4B1D-842A-62A8A168579E}.Release|x64.ActiveCfg = Release|Any CPU
		{AFAE6762-E72C-4B1D-842A-62A8A168579E}.Release|x64.Build.0 = Release|Any CPU
		{AFAE6762-E72C-4B1D-842A-62A8A168579E}.Release|x86.ActiveCfg = Release|Any CPU
		{AFAE6762-E72C-4B1D-842A-62A8A168579E}.Release|x86.Build.0 = Release|Any CPU
		{9523A546-760B-4C5D-A0D9-06BD9353A458}.Debug|Any CPU.ActiveCfg = Debug|Any CPU
		{9523A546-760B-4C5D-A0D9-06BD9353A458}.Debug|Any CPU.Build.0 = Debug|Any CPU
		{9523A546-760B-4C5D-A0D9-06BD9353A458}.Debug|x64.ActiveCfg = Debug|Any CPU
		{9523A546-760B-4C5D-A0D9-06BD9353A458}.Debug|x64.Build.0 = Debug|Any CPU
		{9523A546-760B-4C5D-A0D9-06BD9353A458}.Debug|x86.ActiveCfg = Debug|Any CPU
		{9523A546-760B-4C5D-A0D9-06BD9353A458}.Debug|x86.Build.0 = Debug|Any CPU
		{9523A546-760B-4C5D-A0D9-06BD9353A458}.Release|Any CPU.ActiveCfg = Release|Any CPU
		{9523A546-760B-4C5D-A0D9-06BD9353A458}.Release|Any CPU.Build.0 = Release|Any CPU
		{9523A546-760B-4C5D-A0D9-06BD9353A458}.Release|x64.ActiveCfg = Release|Any CPU
		{9523A546-760B-4C5D-A0D9-06BD9353A458}.Release|x64.Build.0 = Release|Any CPU
		{9523A546-760B-4C5D-A0D9-06BD9353A458}.Release|x86.ActiveCfg = Release|Any CPU
		{9523A546-760B-4C5D-A0D9-06BD9353A458}.Release|x86.Build.0 = Release|Any CPU
		{F5C255AA-09C5-4A6E-B8BC-344D9CCF4B7F}.Debug|Any CPU.ActiveCfg = Debug|Any CPU
		{F5C255AA-09C5-4A6E-B8BC-344D9CCF4B7F}.Debug|Any CPU.Build.0 = Debug|Any CPU
		{F5C255AA-09C5-4A6E-B8BC-344D9CCF4B7F}.Debug|x64.ActiveCfg = Debug|Any CPU
		{F5C255AA-09C5-4A6E-B8BC-344D9CCF4B7F}.Debug|x64.Build.0 = Debug|Any CPU
		{F5C255AA-09C5-4A6E-B8BC-344D9CCF4B7F}.Debug|x86.ActiveCfg = Debug|Any CPU
		{F5C255AA-09C5-4A6E-B8BC-344D9CCF4B7F}.Debug|x86.Build.0 = Debug|Any CPU
		{F5C255AA-09C5-4A6E-B8BC-344D9CCF4B7F}.Release|Any CPU.ActiveCfg = Release|Any CPU
		{F5C255AA-09C5-4A6E-B8BC-344D9CCF4B7F}.Release|Any CPU.Build.0 = Release|Any CPU
		{F5C255AA-09C5-4A6E-B8BC-344D9CCF4B7F}.Release|x64.ActiveCfg = Release|Any CPU
		{F5C255AA-09C5-4A6E-B8BC-344D9CCF4B7F}.Release|x64.Build.0 = Release|Any CPU
		{F5C255AA-09C5-4A6E-B8BC-344D9CCF4B7F}.Release|x86.ActiveCfg = Release|Any CPU
		{F5C255AA-09C5-4A6E-B8BC-344D9CCF4B7F}.Release|x86.Build.0 = Release|Any CPU
		{1B3F9D71-7CCC-477D-99CD-7484E4E6E2B7}.Debug|Any CPU.ActiveCfg = Debug|Any CPU
		{1B3F9D71-7CCC-477D-99CD-7484E4E6E2B7}.Debug|Any CPU.Build.0 = Debug|Any CPU
		{1B3F9D71-7CCC-477D-99CD-7484E4E6E2B7}.Debug|x64.ActiveCfg = Debug|Any CPU
		{1B3F9D71-7CCC-477D-99CD-7484E4E6E2B7}.Debug|x64.Build.0 = Debug|Any CPU
		{1B3F9D71-7CCC-477D-99CD-7484E4E6E2B7}.Debug|x86.ActiveCfg = Debug|Any CPU
		{1B3F9D71-7CCC-477D-99CD-7484E4E6E2B7}.Debug|x86.Build.0 = Debug|Any CPU
		{1B3F9D71-7CCC-477D-99CD-7484E4E6E2B7}.Release|Any CPU.ActiveCfg = Release|Any CPU
		{1B3F9D71-7CCC-477D-99CD-7484E4E6E2B7}.Release|Any CPU.Build.0 = Release|Any CPU
		{1B3F9D71-7CCC-477D-99CD-7484E4E6E2B7}.Release|x64.ActiveCfg = Release|Any CPU
		{1B3F9D71-7CCC-477D-99CD-7484E4E6E2B7}.Release|x64.Build.0 = Release|Any CPU
		{1B3F9D71-7CCC-477D-99CD-7484E4E6E2B7}.Release|x86.ActiveCfg = Release|Any CPU
		{1B3F9D71-7CCC-477D-99CD-7484E4E6E2B7}.Release|x86.Build.0 = Release|Any CPU
		{FEF284EC-1EB5-4C2F-B053-84D06A858CB6}.Debug|Any CPU.ActiveCfg = Debug|Any CPU
		{FEF284EC-1EB5-4C2F-B053-84D06A858CB6}.Debug|Any CPU.Build.0 = Debug|Any CPU
		{FEF284EC-1EB5-4C2F-B053-84D06A858CB6}.Debug|x64.ActiveCfg = Debug|Any CPU
		{FEF284EC-1EB5-4C2F-B053-84D06A858CB6}.Debug|x64.Build.0 = Debug|Any CPU
		{FEF284EC-1EB5-4C2F-B053-84D06A858CB6}.Debug|x86.ActiveCfg = Debug|Any CPU
		{FEF284EC-1EB5-4C2F-B053-84D06A858CB6}.Debug|x86.Build.0 = Debug|Any CPU
		{FEF284EC-1EB5-4C2F-B053-84D06A858CB6}.Release|Any CPU.ActiveCfg = Release|Any CPU
		{FEF284EC-1EB5-4C2F-B053-84D06A858CB6}.Release|Any CPU.Build.0 = Release|Any CPU
		{FEF284EC-1EB5-4C2F-B053-84D06A858CB6}.Release|x64.ActiveCfg = Release|Any CPU
		{FEF284EC-1EB5-4C2F-B053-84D06A858CB6}.Release|x64.Build.0 = Release|Any CPU
		{FEF284EC-1EB5-4C2F-B053-84D06A858CB6}.Release|x86.ActiveCfg = Release|Any CPU
		{FEF284EC-1EB5-4C2F-B053-84D06A858CB6}.Release|x86.Build.0 = Release|Any CPU
		{5CAA5C97-90F0-47F4-9C08-BC9761FEDCE7}.Debug|Any CPU.ActiveCfg = Debug|Any CPU
		{5CAA5C97-90F0-47F4-9C08-BC9761FEDCE7}.Debug|Any CPU.Build.0 = Debug|Any CPU
		{5CAA5C97-90F0-47F4-9C08-BC9761FEDCE7}.Debug|x64.ActiveCfg = Debug|Any CPU
		{5CAA5C97-90F0-47F4-9C08-BC9761FEDCE7}.Debug|x64.Build.0 = Debug|Any CPU
		{5CAA5C97-90F0-47F4-9C08-BC9761FEDCE7}.Debug|x86.ActiveCfg = Debug|Any CPU
		{5CAA5C97-90F0-47F4-9C08-BC9761FEDCE7}.Debug|x86.Build.0 = Debug|Any CPU
		{5CAA5C97-90F0-47F4-9C08-BC9761FEDCE7}.Release|Any CPU.ActiveCfg = Release|Any CPU
		{5CAA5C97-90F0-47F4-9C08-BC9761FEDCE7}.Release|Any CPU.Build.0 = Release|Any CPU
		{5CAA5C97-90F0-47F4-9C08-BC9761FEDCE7}.Release|x64.ActiveCfg = Release|Any CPU
		{5CAA5C97-90F0-47F4-9C08-BC9761FEDCE7}.Release|x64.Build.0 = Release|Any CPU
		{5CAA5C97-90F0-47F4-9C08-BC9761FEDCE7}.Release|x86.ActiveCfg = Release|Any CPU
		{5CAA5C97-90F0-47F4-9C08-BC9761FEDCE7}.Release|x86.Build.0 = Release|Any CPU
		{C13D2700-CEC7-42D4-B382-F72C3DBFC650}.Debug|Any CPU.ActiveCfg = Debug|Any CPU
		{C13D2700-CEC7-42D4-B382-F72C3DBFC650}.Debug|Any CPU.Build.0 = Debug|Any CPU
		{C13D2700-CEC7-42D4-B382-F72C3DBFC650}.Debug|x64.ActiveCfg = Debug|Any CPU
		{C13D2700-CEC7-42D4-B382-F72C3DBFC650}.Debug|x64.Build.0 = Debug|Any CPU
		{C13D2700-CEC7-42D4-B382-F72C3DBFC650}.Debug|x86.ActiveCfg = Debug|Any CPU
		{C13D2700-CEC7-42D4-B382-F72C3DBFC650}.Debug|x86.Build.0 = Debug|Any CPU
		{C13D2700-CEC7-42D4-B382-F72C3DBFC650}.Release|Any CPU.ActiveCfg = Release|Any CPU
		{C13D2700-CEC7-42D4-B382-F72C3DBFC650}.Release|Any CPU.Build.0 = Release|Any CPU
		{C13D2700-CEC7-42D4-B382-F72C3DBFC650}.Release|x64.ActiveCfg = Release|Any CPU
		{C13D2700-CEC7-42D4-B382-F72C3DBFC650}.Release|x64.Build.0 = Release|Any CPU
		{C13D2700-CEC7-42D4-B382-F72C3DBFC650}.Release|x86.ActiveCfg = Release|Any CPU
		{C13D2700-CEC7-42D4-B382-F72C3DBFC650}.Release|x86.Build.0 = Release|Any CPU
		{ED055A92-EC44-4BB9-AC8A-3E62E91FB894}.Debug|Any CPU.ActiveCfg = Debug|Any CPU
		{ED055A92-EC44-4BB9-AC8A-3E62E91FB894}.Debug|Any CPU.Build.0 = Debug|Any CPU
		{ED055A92-EC44-4BB9-AC8A-3E62E91FB894}.Debug|x64.ActiveCfg = Debug|Any CPU
		{ED055A92-EC44-4BB9-AC8A-3E62E91FB894}.Debug|x64.Build.0 = Debug|Any CPU
		{ED055A92-EC44-4BB9-AC8A-3E62E91FB894}.Debug|x86.ActiveCfg = Debug|Any CPU
		{ED055A92-EC44-4BB9-AC8A-3E62E91FB894}.Debug|x86.Build.0 = Debug|Any CPU
		{ED055A92-EC44-4BB9-AC8A-3E62E91FB894}.Release|Any CPU.ActiveCfg = Release|Any CPU
		{ED055A92-EC44-4BB9-AC8A-3E62E91FB894}.Release|Any CPU.Build.0 = Release|Any CPU
		{ED055A92-EC44-4BB9-AC8A-3E62E91FB894}.Release|x64.ActiveCfg = Release|Any CPU
		{ED055A92-EC44-4BB9-AC8A-3E62E91FB894}.Release|x64.Build.0 = Release|Any CPU
		{ED055A92-EC44-4BB9-AC8A-3E62E91FB894}.Release|x86.ActiveCfg = Release|Any CPU
		{ED055A92-EC44-4BB9-AC8A-3E62E91FB894}.Release|x86.Build.0 = Release|Any CPU
	EndGlobalSection
	GlobalSection(SolutionProperties) = preSolution
		HideSolutionNode = FALSE
	EndGlobalSection
	GlobalSection(NestedProjects) = preSolution
		{AFAE6762-E72C-4B1D-842A-62A8A168579E} = {827E0CD3-B72D-47B6-A68D-7590B98EB39B}
		{9523A546-760B-4C5D-A0D9-06BD9353A458} = {827E0CD3-B72D-47B6-A68D-7590B98EB39B}
		{F5C255AA-09C5-4A6E-B8BC-344D9CCF4B7F} = {827E0CD3-B72D-47B6-A68D-7590B98EB39B}
		{1B3F9D71-7CCC-477D-99CD-7484E4E6E2B7} = {827E0CD3-B72D-47B6-A68D-7590B98EB39B}
		{FEF284EC-1EB5-4C2F-B053-84D06A858CB6} = {827E0CD3-B72D-47B6-A68D-7590B98EB39B}
		{5CAA5C97-90F0-47F4-9C08-BC9761FEDCE7} = {827E0CD3-B72D-47B6-A68D-7590B98EB39B}
		{C13D2700-CEC7-42D4-B382-F72C3DBFC650} = {827E0CD3-B72D-47B6-A68D-7590B98EB39B}
		{ED055A92-EC44-4BB9-AC8A-3E62E91FB894} = {827E0CD3-B72D-47B6-A68D-7590B98EB39B}
	EndGlobalSection
EndGlobal
